
Microsoft Visual Studio Solution File, Format Version 12.00
# Visual Studio Version 16
VisualStudioVersion = 16.0.30503.244
MinimumVisualStudioVersion = 10.0.40219.1
Project("{9A19103F-16F7-4668-BE54-9A1E7A4F7556}") = "example", "example.csproj", "{980AF332-8A32-4088-ADF9-B75640BE50EC}"
EndProject
Global
	GlobalSection(SolutionConfigurationPlatforms) = preSolution
		Debug|Any CPU = Debug|Any CPU
		Release|Any CPU = Release|Any CPU
	EndGlobalSection
	GlobalSection(ProjectConfigurationPlatforms) = postSolution
		{980AF332-8A32-4088-ADF9-B75640BE50EC}.Debug|Any CPU.ActiveCfg = Debug|Any CPU
		{980AF332-8A32-4088-ADF9-B75640BE50EC}.Debug|Any CPU.Build.0 = Debug|Any CPU
		{980AF332-8A32-4088-ADF9-B75640BE50EC}.Release|Any CPU.ActiveCfg = Release|Any CPU
		{980AF332-8A32-4088-ADF9-B75640BE50EC}.Release|Any CPU.Build.0 = Release|Any CPU
	EndGlobalSection
	GlobalSection(SolutionProperties) = preSolution
		HideSolutionNode = FALSE
	EndGlobalSection
	GlobalSection(ExtensibilityGlobals) = postSolution
		SolutionGuid = {96AEDC40-7E7F-44B8-AAC5-1D6331261739}
	EndGlobalSection
EndGlobal
